<?xml version="1.0" encoding="utf-8"?>
<Project ToolsVersion="4.0" xmlns="http://schemas.microsoft.com/developer/msbuild/2003">
  <ItemGroup>
    <ClCompile Include="Main.cpp" />
    <ClCompile Include="src\Game.cpp" />
    <ClCompile Include="src\TileSystem\TileSystem.cpp" />
    <ClCompile Include="src\TileSystem\TileMap.cpp" />
    <ClCompile Include="src\Rendering\SpriteBatch.cpp" />
    <ClCompile Include="src\GameObject.cpp" />
    <ClCompile Include="src\Camera.cpp" />
    <ClCompile Include="src\EntitySystem\Entities\EntityDummy.cpp" />
    <ClCompile Include="src\EntitySystem\Entities\EntityMob.cpp" />
    <ClCompile Include="src\EntitySystem\Entities\EntityWall.cpp" />
    <ClCompile Include="src\EntitySystem\Entity.cpp" />
    <ClCompile Include="src\EntitySystem\EntitySystem.cpp" />
    <ClCompile Include="src\EntitySystem\AStar.cpp" />
    <ClCompile Include="src\EntitySystem\Pathfinder.cpp" />
    <ClCompile Include="src\Gui\Gui.cpp" />
    <ClCompile Include="src\GL\Level.cpp" />
    <ClCompile Include="src\GL\Player.cpp" />
    <ClCompile Include="src\GL\Spawner.cpp" />
    <ClCompile Include="src\TileSystem\TileEntity.cpp" />
    <ClCompile Include="src\FastNoise.cpp" />
    <ClCompile Include="src\TileSystem\Building.cpp" />
  </ItemGroup>
  <ItemGroup>
    <ClInclude Include="src\Game.h" />
    <ClInclude Include="src\TileSystem\TileSystem.h" />
    <ClInclude Include="src\TileSystem\TileMap.h" />
    <ClInclude Include="src\GameObject.h" />
    <ClInclude Include="src\Rendering\SpriteBatch.h" />
    <ClInclude Include="src\AssetLoader\AssetLoader.h" />
    <ClInclude Include="src\Camera.h" />
    <ClInclude Include="src\EntitySystem\Entities\EntityDummy.h" />
    <ClInclude Include="src\EntitySystem\Entities\EntityMob.h" />
    <ClInclude Include="src\EntitySystem\Entities\EntityWall.h" />
    <ClInclude Include="src\EntitySystem\Entity.h" />
    <ClInclude Include="src\EntitySystem\EntitySystem.h" />
    <ClInclude Include="src\EntitySystem\InteractableEntity.h" />
    <ClInclude Include="src\EntitySystem\AStar.h" />
    <ClInclude Include="src\EntitySystem\Pathfinder.h" />
    <ClInclude Include="src\Gui\Gui.h" />
    <ClInclude Include="src\GL\Level.h" />
    <ClInclude Include="src\GL\Player.h" />
    <ClInclude Include="src\GL\Spawner.h" />
    <ClInclude Include="src\TileSystem\TileEntity.h" />
    <ClInclude Include="src\FastNoise.h" />
    <ClInclude Include="src\TileSystem\Building.h" />
  </ItemGroup>
  <ItemGroup>
    <Image Include="assets\textures\Tileset.png" />
  </ItemGroup>
  <ItemGroup>
    <None Include="Libraries\sfgui-0.3.2\bin\sfgui-d.dll" />
    <None Include="Libraries\sfgui-0.3.2\bin\sfgui.dll" />
    <None Include="F:\Users\Dritory hdd\Downloads\FastNoise-master\FastNoise-master\LICENSE" />
  </ItemGroup>
</Project>